
Microsoft Visual Studio Solution File, Format Version 12.00
# Visual Studio Version 16
VisualStudioVersion = 16.0.31129.286
MinimumVisualStudioVersion = 10.0.40219.1
Project("{FAE04EC0-301F-11D3-BF4B-00C04F79EFBC}") = "ClassWorkBet1", "ClassWorkBet1\ClassWorkBet1.csproj", "{6C8AA8ED-EF06-4106-9649-C0272A4C1E00}"
EndProject
Global
	GlobalSection(SolutionConfigurationPlatforms) = preSolution
		Debug|Any CPU = Debug|Any CPU
		Release|Any CPU = Release|Any CPU
	EndGlobalSection
	GlobalSection(ProjectConfigurationPlatforms) = postSolution
		{6C8AA8ED-EF06-4106-9649-C0272A4C1E00}.Debug|Any CPU.ActiveCfg = Debug|Any CPU
		{6C8AA8ED-EF06-4106-9649-C0272A4C1E00}.Debug|Any CPU.Build.0 = Debug|Any CPU
		{6C8AA8ED-EF06-4106-9649-C0272A4C1E00}.Release|Any CPU.ActiveCfg = Release|Any CPU
		{6C8AA8ED-EF06-4106-9649-C0272A4C1E00}.Release|Any CPU.Build.0 = Release|Any CPU
	EndGlobalSection
	GlobalSection(SolutionProperties) = preSolution
		HideSolutionNode = FALSE
	EndGlobalSection
	GlobalSection(ExtensibilityGlobals) = postSolution
		SolutionGuid = {474EAC48-9862-4903-B96C-7979D8D415B0}
	EndGlobalSection
EndGlobal
